
Microsoft Visual Studio Solution File, Format Version 12.00
# Visual Studio 15
VisualStudioVersion = 15.0.27703.2047
MinimumVisualStudioVersion = 10.0.40219.1
Project("{9A19103F-16F7-4668-BE54-9A1E7A4F7556}") = "MVC", "CasaDoCodigo.CQRS\MVC.csproj", "{616AEE63-21B3-4243-8A2A-D162242F161A}"
EndProject
Project("{9A19103F-16F7-4668-BE54-9A1E7A4F7556}") = "CasaDoCodigo.Mensagens", "CasaDoCodigo.Mensagens\CasaDoCodigo.Mensagens.csproj", "{4B257028-6B62-496E-AD3B-0D93F2C1FF14}"
EndProject
Project("{9A19103F-16F7-4668-BE54-9A1E7A4F7556}") = "Catalog.API", "CasaDoCodigo.Catalogo\Catalog.API.csproj", "{99EC294B-8F3C-4CAA-AF38-65A4BA64736A}"
EndProject
Project("{2150E333-8FDC-42A3-9474-1A3956D46DE8}") = "Services", "Services", "{EC57E6DB-8B05-4ACD-8FD8-0B6BCC2E18D9}"
EndProject
Project("{2150E333-8FDC-42A3-9474-1A3956D46DE8}") = "Basket", "Basket", "{5A6EE5AE-405D-4556-B059-8A7A01F1324E}"
EndProject
Project("{2150E333-8FDC-42A3-9474-1A3956D46DE8}") = "Catalog", "Catalog", "{6CB2AE7C-8AE4-439F-BD09-681B9B163E9F}"
EndProject
Project("{2150E333-8FDC-42A3-9474-1A3956D46DE8}") = "Web Apps", "Web Apps", "{3D011CD3-C250-4D92-833D-AE15B1AB4BD7}"
EndProject
Project("{2150E333-8FDC-42A3-9474-1A3956D46DE8}") = "MVC", "MVC", "{D0FACE6F-F795-4CF0-A4BF-77627F621B5B}"
EndProject
Project("{2150E333-8FDC-42A3-9474-1A3956D46DE8}") = "testes", "testes", "{CAFC5BC9-13A2-4D76-A7E2-8D056A006422}"
EndProject
Project("{2150E333-8FDC-42A3-9474-1A3956D46DE8}") = "testes", "testes", "{86602D18-2457-44B4-B066-4562A082F8F5}"
EndProject
Project("{2150E333-8FDC-42A3-9474-1A3956D46DE8}") = "testes", "testes", "{4AF230EC-1E24-4C55-89C7-74FD6A4578A4}"
EndProject
Project("{2150E333-8FDC-42A3-9474-1A3956D46DE8}") = "Ordering", "Ordering", "{74169CBC-F92A-4E85-B58C-8CF743AF87B8}"
EndProject
Project("{2150E333-8FDC-42A3-9474-1A3956D46DE8}") = "testes", "testes", "{23569E3B-B36E-4746-9E47-4887EA8AF116}"
EndProject
Project("{9A19103F-16F7-4668-BE54-9A1E7A4F7556}") = "Ordering.API", "OrdemDeCompra.API\Ordering.API.csproj", "{EA09CDC8-0E95-433B-832E-6A1BEF3EAB23}"
EndProject
Project("{9A19103F-16F7-4668-BE54-9A1E7A4F7556}") = "MVC.Test", "MVC.Test\MVC.Test.csproj", "{5EB9497A-2EE0-4135-AA25-71AD4D475841}"
EndProject
Project("{9A19103F-16F7-4668-BE54-9A1E7A4F7556}") = "Catalog.UnitTests", "Catalogo.UnitTests\Catalog.UnitTests.csproj", "{4DC044A2-089B-43E2-AB9A-3EB90427F0EC}"
EndProject
Project("{9A19103F-16F7-4668-BE54-9A1E7A4F7556}") = "Ordering.UnitTests", "OrdemDeCompra.UnitTests\Ordering.UnitTests.csproj", "{14900792-6AFA-48F1-849A-2586CC8956D1}"
EndProject
Project("{2150E333-8FDC-42A3-9474-1A3956D46DE8}") = "WebStatus", "WebStatus", "{E02DED12-324D-4B26-A5A7-37A121D0E7C4}"
EndProject
Project("{9A19103F-16F7-4668-BE54-9A1E7A4F7556}") = "WebStatus", "CasaDoCodigo.Status\WebStatus.csproj", "{23306A63-6C4A-469E-99E1-323DFEDF507E}"
EndProject
Project("{9A19103F-16F7-4668-BE54-9A1E7A4F7556}") = "Basket.API", "Basket.API\Basket.API.csproj", "{694FE122-8D54-4906-8882-C4034A5AC50D}"
EndProject
Project("{2150E333-8FDC-42A3-9474-1A3956D46DE8}") = "Identity", "Identity", "{84C0784B-EC5D-4127-998E-62F7E6C8B274}"
EndProject
Project("{2150E333-8FDC-42A3-9474-1A3956D46DE8}") = "tests", "tests", "{6121E0B6-C97B-4D9C-B51B-02E7422F754D}"
EndProject
Project("{9A19103F-16F7-4668-BE54-9A1E7A4F7556}") = "Identity.UnitTests", "Identity.UnitTests\Identity.UnitTests.csproj", "{05E1EA73-71D7-4CA3-BAE4-DA62EECEAFC1}"
EndProject
Project("{9A19103F-16F7-4668-BE54-9A1E7A4F7556}") = "Identity.API", "CasaDoCodigo.Identity\Identity.API.csproj", "{71951613-8498-4B0B-B974-31155DAE0836}"
EndProject
Global
	GlobalSection(SolutionConfigurationPlatforms) = preSolution
		Debug|Any CPU = Debug|Any CPU
		Release|Any CPU = Release|Any CPU
	EndGlobalSection
	GlobalSection(ProjectConfigurationPlatforms) = postSolution
		{616AEE63-21B3-4243-8A2A-D162242F161A}.Debug|Any CPU.ActiveCfg = Debug|Any CPU
		{616AEE63-21B3-4243-8A2A-D162242F161A}.Debug|Any CPU.Build.0 = Debug|Any CPU
		{616AEE63-21B3-4243-8A2A-D162242F161A}.Release|Any CPU.ActiveCfg = Release|Any CPU
		{616AEE63-21B3-4243-8A2A-D162242F161A}.Release|Any CPU.Build.0 = Release|Any CPU
		{4B257028-6B62-496E-AD3B-0D93F2C1FF14}.Debug|Any CPU.ActiveCfg = Debug|Any CPU
		{4B257028-6B62-496E-AD3B-0D93F2C1FF14}.Debug|Any CPU.Build.0 = Debug|Any CPU
		{4B257028-6B62-496E-AD3B-0D93F2C1FF14}.Release|Any CPU.ActiveCfg = Release|Any CPU
		{4B257028-6B62-496E-AD3B-0D93F2C1FF14}.Release|Any CPU.Build.0 = Release|Any CPU
		{99EC294B-8F3C-4CAA-AF38-65A4BA64736A}.Debug|Any CPU.ActiveCfg = Debug|Any CPU
		{99EC294B-8F3C-4CAA-AF38-65A4BA64736A}.Debug|Any CPU.Build.0 = Debug|Any CPU
		{99EC294B-8F3C-4CAA-AF38-65A4BA64736A}.Release|Any CPU.ActiveCfg = Release|Any CPU
		{99EC294B-8F3C-4CAA-AF38-65A4BA64736A}.Release|Any CPU.Build.0 = Release|Any CPU
		{EA09CDC8-0E95-433B-832E-6A1BEF3EAB23}.Debug|Any CPU.ActiveCfg = Debug|Any CPU
		{EA09CDC8-0E95-433B-832E-6A1BEF3EAB23}.Debug|Any CPU.Build.0 = Debug|Any CPU
		{EA09CDC8-0E95-433B-832E-6A1BEF3EAB23}.Release|Any CPU.ActiveCfg = Release|Any CPU
		{EA09CDC8-0E95-433B-832E-6A1BEF3EAB23}.Release|Any CPU.Build.0 = Release|Any CPU
		{5EB9497A-2EE0-4135-AA25-71AD4D475841}.Debug|Any CPU.ActiveCfg = Debug|Any CPU
		{5EB9497A-2EE0-4135-AA25-71AD4D475841}.Debug|Any CPU.Build.0 = Debug|Any CPU
		{5EB9497A-2EE0-4135-AA25-71AD4D475841}.Release|Any CPU.ActiveCfg = Release|Any CPU
		{5EB9497A-2EE0-4135-AA25-71AD4D475841}.Release|Any CPU.Build.0 = Release|Any CPU
		{4DC044A2-089B-43E2-AB9A-3EB90427F0EC}.Debug|Any CPU.ActiveCfg = Debug|Any CPU
		{4DC044A2-089B-43E2-AB9A-3EB90427F0EC}.Debug|Any CPU.Build.0 = Debug|Any CPU
		{4DC044A2-089B-43E2-AB9A-3EB90427F0EC}.Release|Any CPU.ActiveCfg = Release|Any CPU
		{4DC044A2-089B-43E2-AB9A-3EB90427F0EC}.Release|Any CPU.Build.0 = Release|Any CPU
		{14900792-6AFA-48F1-849A-2586CC8956D1}.Debug|Any CPU.ActiveCfg = Debug|Any CPU
		{14900792-6AFA-48F1-849A-2586CC8956D1}.Debug|Any CPU.Build.0 = Debug|Any CPU
		{14900792-6AFA-48F1-849A-2586CC8956D1}.Release|Any CPU.ActiveCfg = Release|Any CPU
		{14900792-6AFA-48F1-849A-2586CC8956D1}.Release|Any CPU.Build.0 = Release|Any CPU
		{23306A63-6C4A-469E-99E1-323DFEDF507E}.Debug|Any CPU.ActiveCfg = Debug|Any CPU
		{23306A63-6C4A-469E-99E1-323DFEDF507E}.Debug|Any CPU.Build.0 = Debug|Any CPU
		{23306A63-6C4A-469E-99E1-323DFEDF507E}.Release|Any CPU.ActiveCfg = Release|Any CPU
		{23306A63-6C4A-469E-99E1-323DFEDF507E}.Release|Any CPU.Build.0 = Release|Any CPU
		{694FE122-8D54-4906-8882-C4034A5AC50D}.Debug|Any CPU.ActiveCfg = Debug|Any CPU
		{694FE122-8D54-4906-8882-C4034A5AC50D}.Debug|Any CPU.Build.0 = Debug|Any CPU
		{694FE122-8D54-4906-8882-C4034A5AC50D}.Release|Any CPU.ActiveCfg = Release|Any CPU
		{694FE122-8D54-4906-8882-C4034A5AC50D}.Release|Any CPU.Build.0 = Release|Any CPU
		{05E1EA73-71D7-4CA3-BAE4-DA62EECEAFC1}.Debug|Any CPU.ActiveCfg = Debug|Any CPU
		{05E1EA73-71D7-4CA3-BAE4-DA62EECEAFC1}.Debug|Any CPU.Build.0 = Debug|Any CPU
		{05E1EA73-71D7-4CA3-BAE4-DA62EECEAFC1}.Release|Any CPU.ActiveCfg = Release|Any CPU
		{05E1EA73-71D7-4CA3-BAE4-DA62EECEAFC1}.Release|Any CPU.Build.0 = Release|Any CPU
		{71951613-8498-4B0B-B974-31155DAE0836}.Debug|Any CPU.ActiveCfg = Debug|Any CPU
		{71951613-8498-4B0B-B974-31155DAE0836}.Debug|Any CPU.Build.0 = Debug|Any CPU
		{71951613-8498-4B0B-B974-31155DAE0836}.Release|Any CPU.ActiveCfg = Release|Any CPU
		{71951613-8498-4B0B-B974-31155DAE0836}.Release|Any CPU.Build.0 = Release|Any CPU
	EndGlobalSection
	GlobalSection(SolutionProperties) = preSolution
		HideSolutionNode = FALSE
	EndGlobalSection
	GlobalSection(NestedProjects) = preSolution
		{616AEE63-21B3-4243-8A2A-D162242F161A} = {D0FACE6F-F795-4CF0-A4BF-77627F621B5B}
		{4B257028-6B62-496E-AD3B-0D93F2C1FF14} = {EC57E6DB-8B05-4ACD-8FD8-0B6BCC2E18D9}
		{99EC294B-8F3C-4CAA-AF38-65A4BA64736A} = {6CB2AE7C-8AE4-439F-BD09-681B9B163E9F}
		{5A6EE5AE-405D-4556-B059-8A7A01F1324E} = {EC57E6DB-8B05-4ACD-8FD8-0B6BCC2E18D9}
		{6CB2AE7C-8AE4-439F-BD09-681B9B163E9F} = {EC57E6DB-8B05-4ACD-8FD8-0B6BCC2E18D9}
		{D0FACE6F-F795-4CF0-A4BF-77627F621B5B} = {3D011CD3-C250-4D92-833D-AE15B1AB4BD7}
		{CAFC5BC9-13A2-4D76-A7E2-8D056A006422} = {5A6EE5AE-405D-4556-B059-8A7A01F1324E}
		{86602D18-2457-44B4-B066-4562A082F8F5} = {6CB2AE7C-8AE4-439F-BD09-681B9B163E9F}
		{4AF230EC-1E24-4C55-89C7-74FD6A4578A4} = {D0FACE6F-F795-4CF0-A4BF-77627F621B5B}
		{74169CBC-F92A-4E85-B58C-8CF743AF87B8} = {EC57E6DB-8B05-4ACD-8FD8-0B6BCC2E18D9}
		{23569E3B-B36E-4746-9E47-4887EA8AF116} = {74169CBC-F92A-4E85-B58C-8CF743AF87B8}
		{EA09CDC8-0E95-433B-832E-6A1BEF3EAB23} = {74169CBC-F92A-4E85-B58C-8CF743AF87B8}
		{5EB9497A-2EE0-4135-AA25-71AD4D475841} = {4AF230EC-1E24-4C55-89C7-74FD6A4578A4}
		{4DC044A2-089B-43E2-AB9A-3EB90427F0EC} = {86602D18-2457-44B4-B066-4562A082F8F5}
		{14900792-6AFA-48F1-849A-2586CC8956D1} = {23569E3B-B36E-4746-9E47-4887EA8AF116}
		{E02DED12-324D-4B26-A5A7-37A121D0E7C4} = {3D011CD3-C250-4D92-833D-AE15B1AB4BD7}
		{23306A63-6C4A-469E-99E1-323DFEDF507E} = {E02DED12-324D-4B26-A5A7-37A121D0E7C4}
		{694FE122-8D54-4906-8882-C4034A5AC50D} = {5A6EE5AE-405D-4556-B059-8A7A01F1324E}
		{84C0784B-EC5D-4127-998E-62F7E6C8B274} = {EC57E6DB-8B05-4ACD-8FD8-0B6BCC2E18D9}
		{6121E0B6-C97B-4D9C-B51B-02E7422F754D} = {84C0784B-EC5D-4127-998E-62F7E6C8B274}
		{05E1EA73-71D7-4CA3-BAE4-DA62EECEAFC1} = {6121E0B6-C97B-4D9C-B51B-02E7422F754D}
		{71951613-8498-4B0B-B974-31155DAE0836} = {84C0784B-EC5D-4127-998E-62F7E6C8B274}
	EndGlobalSection
	GlobalSection(ExtensibilityGlobals) = postSolution
		SolutionGuid = {03DBD554-4917-4E9A-B783-78151722175A}
	EndGlobalSection
EndGlobal
